
Microsoft Visual Studio Solution File, Format Version 12.00
# Visual Studio Express 2012 for Windows Phone
Project("{FAE04EC0-301F-11D3-BF4B-00C04F79EFBC}") = "OrientationWithStates", "OrientationWithStates.csproj", "{36A23458-C03C-440A-A768-87BCDE7B8ACE}"
EndProject
Global
	GlobalSection(SolutionConfigurationPlatforms) = preSolution
		Debug|Any CPU = Debug|Any CPU
		Debug|ARM = Debug|ARM
		Debug|x86 = Debug|x86
		Release|Any CPU = Release|Any CPU
		Release|ARM = Release|ARM
		Release|x86 = Release|x86
	EndGlobalSection
	GlobalSection(ProjectConfigurationPlatforms) = postSolution
		{36A23458-C03C-440A-A768-87BCDE7B8ACE}.Debug|Any CPU.ActiveCfg = Debug|Any CPU
		{36A23458-C03C-440A-A768-87BCDE7B8ACE}.Debug|Any CPU.Build.0 = Debug|Any CPU
		{36A23458-C03C-440A-A768-87BCDE7B8ACE}.Debug|Any CPU.Deploy.0 = Debug|Any CPU
		{36A23458-C03C-440A-A768-87BCDE7B8ACE}.Debug|ARM.ActiveCfg = Debug|ARM
		{36A23458-C03C-440A-A768-87BCDE7B8ACE}.Debug|ARM.Build.0 = Debug|ARM
		{36A23458-C03C-440A-A768-87BCDE7B8ACE}.Debug|ARM.Deploy.0 = Debug|ARM
		{36A23458-C03C-440A-A768-87BCDE7B8ACE}.Debug|x86.ActiveCfg = Debug|x86
		{36A23458-C03C-440A-A768-87BCDE7B8ACE}.Debug|x86.Build.0 = Debug|x86
		{36A23458-C03C-440A-A768-87BCDE7B8ACE}.Debug|x86.Deploy.0 = Debug|x86
		{36A23458-C03C-440A-A768-87BCDE7B8ACE}.Release|Any CPU.ActiveCfg = Release|Any CPU
		{36A23458-C03C-440A-A768-87BCDE7B8ACE}.Release|Any CPU.Build.0 = Release|Any CPU
		{36A23458-C03C-440A-A768-87BCDE7B8ACE}.Release|Any CPU.Deploy.0 = Release|Any CPU
		{36A23458-C03C-440A-A768-87BCDE7B8ACE}.Release|ARM.ActiveCfg = Release|ARM
		{36A23458-C03C-440A-A768-87BCDE7B8ACE}.Release|ARM.Build.0 = Release|ARM
		{36A23458-C03C-440A-A768-87BCDE7B8ACE}.Release|ARM.Deploy.0 = Release|ARM
		{36A23458-C03C-440A-A768-87BCDE7B8ACE}.Release|x86.ActiveCfg = Release|x86
		{36A23458-C03C-440A-A768-87BCDE7B8ACE}.Release|x86.Build.0 = Release|x86
		{36A23458-C03C-440A-A768-87BCDE7B8ACE}.Release|x86.Deploy.0 = Release|x86
	EndGlobalSection
	GlobalSection(SolutionProperties) = preSolution
		HideSolutionNode = FALSE
	EndGlobalSection
EndGlobal
